
Microsoft Visual Studio Solution File, Format Version 12.00
# Visual Studio 15
VisualStudioVersion = 15.0.27130.2036
MinimumVisualStudioVersion = 10.0.40219.1
Project("{FAE04EC0-301F-11D3-BF4B-00C04F79EFBC}") = "SBCA_DataStandard", "SBCA_DataStandard.csproj", "{2CD79EA8-F261-45BD-9B0F-7EF7ABB72133}"
EndProject
Global
	GlobalSection(SolutionConfigurationPlatforms) = preSolution
		Debug|Any CPU = Debug|Any CPU
		Release|Any CPU = Release|Any CPU
	EndGlobalSection
	GlobalSection(ProjectConfigurationPlatforms) = postSolution
		{2CD79EA8-F261-45BD-9B0F-7EF7ABB72133}.Debug|Any CPU.ActiveCfg = Debug|Any CPU
		{2CD79EA8-F261-45BD-9B0F-7EF7ABB72133}.Debug|Any CPU.Build.0 = Debug|Any CPU
		{2CD79EA8-F261-45BD-9B0F-7EF7ABB72133}.Release|Any CPU.ActiveCfg = Release|Any CPU
		{2CD79EA8-F261-45BD-9B0F-7EF7ABB72133}.Release|Any CPU.Build.0 = Release|Any CPU
	EndGlobalSection
	GlobalSection(SolutionProperties) = preSolution
		HideSolutionNode = FALSE
	EndGlobalSection
	GlobalSection(ExtensibilityGlobals) = postSolution
		SolutionGuid = {5D1D75C5-0840-480E-9B70-13F73EB6B3F0}
	EndGlobalSection
EndGlobal
